// !$*UTF8*$!
{
	archiveVersion = 1;
	classes = {
	};
	objectVersion = 56;
	objects = {

/* Begin PBXBuildFile section */
		96030EFC2AD81383006A4052 /* KeyboardDismiss.swift in Sources */ = {isa = PBXBuildFile; fileRef = 96030EFB2AD81383006A4052 /* KeyboardDismiss.swift */; };
		96030EFF2AD8284E006A4052 /* LoginController.swift in Sources */ = {isa = PBXBuildFile; fileRef = 96030EFE2AD8284E006A4052 /* LoginController.swift */; };
		960A6AEF2ADEA0D700794B76 /* LoginSignupView.swift in Sources */ = {isa = PBXBuildFile; fileRef = 960A6AEE2ADEA0D700794B76 /* LoginSignupView.swift */; };
		960A6AF12ADEAC4D00794B76 /* ProfileSettignsView.swift in Sources */ = {isa = PBXBuildFile; fileRef = 960A6AF02ADEAC4D00794B76 /* ProfileSettignsView.swift */; };
		960A6AF32ADEB15600794B76 /* TextFieldClearButton.swift in Sources */ = {isa = PBXBuildFile; fileRef = 960A6AF22ADEB15600794B76 /* TextFieldClearButton.swift */; };
		960A6AF52ADEB21F00794B76 /* ShowClearButton.swift in Sources */ = {isa = PBXBuildFile; fileRef = 960A6AF42ADEB21F00794B76 /* ShowClearButton.swift */; };
		960A6AF72ADF161F00794B76 /* FileStorage.swift in Sources */ = {isa = PBXBuildFile; fileRef = 960A6AF62ADF161F00794B76 /* FileStorage.swift */; };
		960A6AF92ADFFC4300794B76 /* GlobalFunctions.swift in Sources */ = {isa = PBXBuildFile; fileRef = 960A6AF82ADFFC4300794B76 /* GlobalFunctions.swift */; };
		961F9C392ADB0B0F00EA272A /* MessagesListView.swift in Sources */ = {isa = PBXBuildFile; fileRef = 961F9C382ADB0B0F00EA272A /* MessagesListView.swift */; };
		961F9C3D2ADC1ED200EA272A /* SettingsView.swift in Sources */ = {isa = PBXBuildFile; fileRef = 961F9C3C2ADC1ED200EA272A /* SettingsView.swift */; };
		968FD6122AD9706E00F44DB8 /* User.swift in Sources */ = {isa = PBXBuildFile; fileRef = 968FD6112AD9706E00F44DB8 /* User.swift */; };
		968FD6142AD972BF00F44DB8 /* Constants.swift in Sources */ = {isa = PBXBuildFile; fileRef = 968FD6132AD972BF00F44DB8 /* Constants.swift */; };
		968FD6162AD9BD5500F44DB8 /* CollectionReference.swift in Sources */ = {isa = PBXBuildFile; fileRef = 968FD6152AD9BD5500F44DB8 /* CollectionReference.swift */; };
		968FD6192AD9BF6800F44DB8 /* FirebaseUserListener.swift in Sources */ = {isa = PBXBuildFile; fileRef = 968FD6182AD9BF6800F44DB8 /* FirebaseUserListener.swift */; };
		96BDB58F2AD73F9B000BA243 /* MessagerApp.swift in Sources */ = {isa = PBXBuildFile; fileRef = 96BDB58E2AD73F9B000BA243 /* MessagerApp.swift */; };
		96BDB5912AD73F9B000BA243 /* MainView.swift in Sources */ = {isa = PBXBuildFile; fileRef = 96BDB5902AD73F9B000BA243 /* MainView.swift */; };
		96BDB5932AD73F9E000BA243 /* Assets.xcassets in Resources */ = {isa = PBXBuildFile; fileRef = 96BDB5922AD73F9E000BA243 /* Assets.xcassets */; };
		96BDB5962AD73F9E000BA243 /* Preview Assets.xcassets in Resources */ = {isa = PBXBuildFile; fileRef = 96BDB5952AD73F9E000BA243 /* Preview Assets.xcassets */; };
		96BDB59D2AD740C9000BA243 /* GoogleService-Info.plist in Resources */ = {isa = PBXBuildFile; fileRef = 96BDB59C2AD740C9000BA243 /* GoogleService-Info.plist */; };
		96FC20CC2AD7C12300276479 /* FirebaseAuth in Frameworks */ = {isa = PBXBuildFile; productRef = 96FC20CB2AD7C12300276479 /* FirebaseAuth */; };
		96FC20CE2AD7C12300276479 /* FirebaseFirestore in Frameworks */ = {isa = PBXBuildFile; productRef = 96FC20CD2AD7C12300276479 /* FirebaseFirestore */; };
		96FC20D02AD7C12300276479 /* FirebaseFirestoreSwift in Frameworks */ = {isa = PBXBuildFile; productRef = 96FC20CF2AD7C12300276479 /* FirebaseFirestoreSwift */; };
		96FC20D22AD7C12300276479 /* FirebaseMessaging in Frameworks */ = {isa = PBXBuildFile; productRef = 96FC20D12AD7C12300276479 /* FirebaseMessaging */; };
		96FC20D42AD7C12300276479 /* FirebaseStorage in Frameworks */ = {isa = PBXBuildFile; productRef = 96FC20D32AD7C12300276479 /* FirebaseStorage */; };
		96FC20D62AD7C12300276479 /* Realm in Frameworks */ = {isa = PBXBuildFile; productRef = 96FC20D52AD7C12300276479 /* Realm */; };
		96FC20D82AD7C12400276479 /* RealmSwift in Frameworks */ = {isa = PBXBuildFile; productRef = 96FC20D72AD7C12400276479 /* RealmSwift */; };
		96FC20DB2AD7C49800276479 /* LoginFieldsModifier.swift in Sources */ = {isa = PBXBuildFile; fileRef = 96FC20DA2AD7C49800276479 /* LoginFieldsModifier.swift */; };
/* End PBXBuildFile section */

/* Begin PBXFileReference section */
		96030EFB2AD81383006A4052 /* KeyboardDismiss.swift */ = {isa = PBXFileReference; lastKnownFileType = sourcecode.swift; path = KeyboardDismiss.swift; sourceTree = "<group>"; };
		96030EFE2AD8284E006A4052 /* LoginController.swift */ = {isa = PBXFileReference; lastKnownFileType = sourcecode.swift; path = LoginController.swift; sourceTree = "<group>"; };
		960A6AEE2ADEA0D700794B76 /* LoginSignupView.swift */ = {isa = PBXFileReference; lastKnownFileType = sourcecode.swift; path = LoginSignupView.swift; sourceTree = "<group>"; };
		960A6AF02ADEAC4D00794B76 /* ProfileSettignsView.swift */ = {isa = PBXFileReference; lastKnownFileType = sourcecode.swift; path = ProfileSettignsView.swift; sourceTree = "<group>"; };
		960A6AF22ADEB15600794B76 /* TextFieldClearButton.swift */ = {isa = PBXFileReference; lastKnownFileType = sourcecode.swift; path = TextFieldClearButton.swift; sourceTree = "<group>"; };
		960A6AF42ADEB21F00794B76 /* ShowClearButton.swift */ = {isa = PBXFileReference; lastKnownFileType = sourcecode.swift; path = ShowClearButton.swift; sourceTree = "<group>"; };
		960A6AF62ADF161F00794B76 /* FileStorage.swift */ = {isa = PBXFileReference; lastKnownFileType = sourcecode.swift; path = FileStorage.swift; sourceTree = "<group>"; };
		960A6AF82ADFFC4300794B76 /* GlobalFunctions.swift */ = {isa = PBXFileReference; lastKnownFileType = sourcecode.swift; path = GlobalFunctions.swift; sourceTree = "<group>"; };
		961F9C382ADB0B0F00EA272A /* MessagesListView.swift */ = {isa = PBXFileReference; lastKnownFileType = sourcecode.swift; path = MessagesListView.swift; sourceTree = "<group>"; };
		961F9C3C2ADC1ED200EA272A /* SettingsView.swift */ = {isa = PBXFileReference; lastKnownFileType = sourcecode.swift; path = SettingsView.swift; sourceTree = "<group>"; };
		968FD6112AD9706E00F44DB8 /* User.swift */ = {isa = PBXFileReference; lastKnownFileType = sourcecode.swift; path = User.swift; sourceTree = "<group>"; };
		968FD6132AD972BF00F44DB8 /* Constants.swift */ = {isa = PBXFileReference; lastKnownFileType = sourcecode.swift; path = Constants.swift; sourceTree = "<group>"; };
		968FD6152AD9BD5500F44DB8 /* CollectionReference.swift */ = {isa = PBXFileReference; lastKnownFileType = sourcecode.swift; path = CollectionReference.swift; sourceTree = "<group>"; };
		968FD6182AD9BF6800F44DB8 /* FirebaseUserListener.swift */ = {isa = PBXFileReference; lastKnownFileType = sourcecode.swift; path = FirebaseUserListener.swift; sourceTree = "<group>"; };
		96BDB58B2AD73F9B000BA243 /* Messager.app */ = {isa = PBXFileReference; explicitFileType = wrapper.application; includeInIndex = 0; path = Messager.app; sourceTree = BUILT_PRODUCTS_DIR; };
		96BDB58E2AD73F9B000BA243 /* MessagerApp.swift */ = {isa = PBXFileReference; lastKnownFileType = sourcecode.swift; path = MessagerApp.swift; sourceTree = "<group>"; };
		96BDB5902AD73F9B000BA243 /* MainView.swift */ = {isa = PBXFileReference; lastKnownFileType = sourcecode.swift; path = MainView.swift; sourceTree = "<group>"; };
		96BDB5922AD73F9E000BA243 /* Assets.xcassets */ = {isa = PBXFileReference; lastKnownFileType = folder.assetcatalog; path = Assets.xcassets; sourceTree = "<group>"; };
		96BDB5952AD73F9E000BA243 /* Preview Assets.xcassets */ = {isa = PBXFileReference; lastKnownFileType = folder.assetcatalog; path = "Preview Assets.xcassets"; sourceTree = "<group>"; };
		96BDB59C2AD740C9000BA243 /* GoogleService-Info.plist */ = {isa = PBXFileReference; fileEncoding = 4; lastKnownFileType = text.plist.xml; path = "GoogleService-Info.plist"; sourceTree = "<group>"; };
		96FC20DA2AD7C49800276479 /* LoginFieldsModifier.swift */ = {isa = PBXFileReference; lastKnownFileType = sourcecode.swift; path = LoginFieldsModifier.swift; sourceTree = "<group>"; };
/* End PBXFileReference section */

/* Begin PBXFrameworksBuildPhase section */
		96BDB5882AD73F9B000BA243 /* Frameworks */ = {
			isa = PBXFrameworksBuildPhase;
			buildActionMask = 2147483647;
			files = (
				96FC20D62AD7C12300276479 /* Realm in Frameworks */,
				96FC20D22AD7C12300276479 /* FirebaseMessaging in Frameworks */,
				96FC20D82AD7C12400276479 /* RealmSwift in Frameworks */,
				96FC20CC2AD7C12300276479 /* FirebaseAuth in Frameworks */,
				96FC20CE2AD7C12300276479 /* FirebaseFirestore in Frameworks */,
				96FC20D42AD7C12300276479 /* FirebaseStorage in Frameworks */,
				96FC20D02AD7C12300276479 /* FirebaseFirestoreSwift in Frameworks */,
			);
			runOnlyForDeploymentPostprocessing = 0;
		};
/* End PBXFrameworksBuildPhase section */

/* Begin PBXGroup section */
		96030EFA2AD81368006A4052 /* Extensions */ = {
			isa = PBXGroup;
			children = (
				96030EFB2AD81383006A4052 /* KeyboardDismiss.swift */,
				960A6AF42ADEB21F00794B76 /* ShowClearButton.swift */,
			);
			path = Extensions;
			sourceTree = "<group>";
		};
		96030EFD2AD8283A006A4052 /* Controllers */ = {
			isa = PBXGroup;
			children = (
				96030EFE2AD8284E006A4052 /* LoginController.swift */,
			);
			path = Controllers;
			sourceTree = "<group>";
		};
		968FD6172AD9BF3400F44DB8 /* FirebaseHelpers */ = {
			isa = PBXGroup;
			children = (
				968FD6152AD9BD5500F44DB8 /* CollectionReference.swift */,
				968FD6182AD9BF6800F44DB8 /* FirebaseUserListener.swift */,
				960A6AF62ADF161F00794B76 /* FileStorage.swift */,
			);
			path = FirebaseHelpers;
			sourceTree = "<group>";
		};
		96BDB5822AD73F9B000BA243 = {
			isa = PBXGroup;
			children = (
				96BDB58D2AD73F9B000BA243 /* Messager */,
				96BDB58C2AD73F9B000BA243 /* Products */,
				96FC20CA2AD7C12300276479 /* Frameworks */,
			);
			sourceTree = "<group>";
		};
		96BDB58C2AD73F9B000BA243 /* Products */ = {
			isa = PBXGroup;
			children = (
				96BDB58B2AD73F9B000BA243 /* Messager.app */,
			);
			name = Products;
			sourceTree = "<group>";
		};
		96BDB58D2AD73F9B000BA243 /* Messager */ = {
			isa = PBXGroup;
			children = (
				96030EFD2AD8283A006A4052 /* Controllers */,
				96030EFA2AD81368006A4052 /* Extensions */,
				96FC20D92AD7C48200276479 /* Modifiers */,
				96BDB5AB2AD7BA78000BA243 /* Resources */,
				96BDB5A92AD7BA62000BA243 /* Models */,
				96BDB58E2AD73F9B000BA243 /* MessagerApp.swift */,
				96BDB5AA2AD7BA68000BA243 /* Views */,
				96BDB5922AD73F9E000BA243 /* Assets.xcassets */,
				96BDB59C2AD740C9000BA243 /* GoogleService-Info.plist */,
				96BDB5942AD73F9E000BA243 /* Preview Content */,
			);
			path = Messager;
			sourceTree = "<group>";
		};
		96BDB5942AD73F9E000BA243 /* Preview Content */ = {
			isa = PBXGroup;
			children = (
				96BDB5952AD73F9E000BA243 /* Preview Assets.xcassets */,
			);
			path = "Preview Content";
			sourceTree = "<group>";
		};
		96BDB5A92AD7BA62000BA243 /* Models */ = {
			isa = PBXGroup;
			children = (
				968FD6112AD9706E00F44DB8 /* User.swift */,
				968FD6172AD9BF3400F44DB8 /* FirebaseHelpers */,
			);
			path = Models;
			sourceTree = "<group>";
		};
		96BDB5AA2AD7BA68000BA243 /* Views */ = {
			isa = PBXGroup;
			children = (
				96BDB5902AD73F9B000BA243 /* MainView.swift */,
				961F9C382ADB0B0F00EA272A /* MessagesListView.swift */,
				961F9C3C2ADC1ED200EA272A /* SettingsView.swift */,
				960A6AEE2ADEA0D700794B76 /* LoginSignupView.swift */,
				960A6AF02ADEAC4D00794B76 /* ProfileSettignsView.swift */,
			);
			path = Views;
			sourceTree = "<group>";
		};
		96BDB5AB2AD7BA78000BA243 /* Resources */ = {
			isa = PBXGroup;
			children = (
				968FD6132AD972BF00F44DB8 /* Constants.swift */,
				960A6AF82ADFFC4300794B76 /* GlobalFunctions.swift */,
			);
			path = Resources;
			sourceTree = "<group>";
		};
		96FC20CA2AD7C12300276479 /* Frameworks */ = {
			isa = PBXGroup;
			children = (
			);
			name = Frameworks;
			sourceTree = "<group>";
		};
		96FC20D92AD7C48200276479 /* Modifiers */ = {
			isa = PBXGroup;
			children = (
				960A6AF22ADEB15600794B76 /* TextFieldClearButton.swift */,
				96FC20DA2AD7C49800276479 /* LoginFieldsModifier.swift */,
			);
			path = Modifiers;
			sourceTree = "<group>";
		};
/* End PBXGroup section */

/* Begin PBXNativeTarget section */
		96BDB58A2AD73F9B000BA243 /* Messager */ = {
			isa = PBXNativeTarget;
			buildConfigurationList = 96BDB5992AD73F9E000BA243 /* Build configuration list for PBXNativeTarget "Messager" */;
			buildPhases = (
				96BDB5872AD73F9B000BA243 /* Sources */,
				96BDB5882AD73F9B000BA243 /* Frameworks */,
				96BDB5892AD73F9B000BA243 /* Resources */,
			);
			buildRules = (
			);
			dependencies = (
			);
			name = Messager;
			packageProductDependencies = (
				96FC20CB2AD7C12300276479 /* FirebaseAuth */,
				96FC20CD2AD7C12300276479 /* FirebaseFirestore */,
				96FC20CF2AD7C12300276479 /* FirebaseFirestoreSwift */,
				96FC20D12AD7C12300276479 /* FirebaseMessaging */,
				96FC20D32AD7C12300276479 /* FirebaseStorage */,
				96FC20D52AD7C12300276479 /* Realm */,
				96FC20D72AD7C12400276479 /* RealmSwift */,
			);
			productName = Messager;
			productReference = 96BDB58B2AD73F9B000BA243 /* Messager.app */;
			productType = "com.apple.product-type.application";
		};
/* End PBXNativeTarget section */

/* Begin PBXProject section */
		96BDB5832AD73F9B000BA243 /* Project object */ = {
			isa = PBXProject;
			attributes = {
				BuildIndependentTargetsInParallel = 1;
				LastSwiftUpdateCheck = 1500;
				LastUpgradeCheck = 1500;
				TargetAttributes = {
					96BDB58A2AD73F9B000BA243 = {
						CreatedOnToolsVersion = 15.0;
					};
				};
			};
			buildConfigurationList = 96BDB5862AD73F9B000BA243 /* Build configuration list for PBXProject "Messager" */;
			compatibilityVersion = "Xcode 14.0";
			developmentRegion = en;
			hasScannedForEncodings = 0;
			knownRegions = (
				en,
				Base,
			);
			mainGroup = 96BDB5822AD73F9B000BA243;
			packageReferences = (
				96BDB59E2AD741B7000BA243 /* XCRemoteSwiftPackageReference "firebase-ios-sdk" */,
				96BDB5AC2AD7BBC3000BA243 /* XCRemoteSwiftPackageReference "realm-swift" */,
			);
			productRefGroup = 96BDB58C2AD73F9B000BA243 /* Products */;
			projectDirPath = "";
			projectRoot = "";
			targets = (
				96BDB58A2AD73F9B000BA243 /* Messager */,
			);
		};
/* End PBXProject section */

/* Begin PBXResourcesBuildPhase section */
		96BDB5892AD73F9B000BA243 /* Resources */ = {
			isa = PBXResourcesBuildPhase;
			buildActionMask = 2147483647;
			files = (
				96BDB5962AD73F9E000BA243 /* Preview Assets.xcassets in Resources */,
				96BDB5932AD73F9E000BA243 /* Assets.xcassets in Resources */,
				96BDB59D2AD740C9000BA243 /* GoogleService-Info.plist in Resources */,
			);
			runOnlyForDeploymentPostprocessing = 0;
		};
/* End PBXResourcesBuildPhase section */

/* Begin PBXSourcesBuildPhase section */
		96BDB5872AD73F9B000BA243 /* Sources */ = {
			isa = PBXSourcesBuildPhase;
			buildActionMask = 2147483647;
			files = (
				96BDB5912AD73F9B000BA243 /* MainView.swift in Sources */,
				960A6AF72ADF161F00794B76 /* FileStorage.swift in Sources */,
				968FD6192AD9BF6800F44DB8 /* FirebaseUserListener.swift in Sources */,
				96030EFC2AD81383006A4052 /* KeyboardDismiss.swift in Sources */,
				960A6AF32ADEB15600794B76 /* TextFieldClearButton.swift in Sources */,
				968FD6122AD9706E00F44DB8 /* User.swift in Sources */,
				96BDB58F2AD73F9B000BA243 /* MessagerApp.swift in Sources */,
				968FD6142AD972BF00F44DB8 /* Constants.swift in Sources */,
				96FC20DB2AD7C49800276479 /* LoginFieldsModifier.swift in Sources */,
				960A6AF12ADEAC4D00794B76 /* ProfileSettignsView.swift in Sources */,
				96030EFF2AD8284E006A4052 /* LoginController.swift in Sources */,
				960A6AF52ADEB21F00794B76 /* ShowClearButton.swift in Sources */,
				961F9C3D2ADC1ED200EA272A /* SettingsView.swift in Sources */,
				961F9C392ADB0B0F00EA272A /* MessagesListView.swift in Sources */,
				960A6AF92ADFFC4300794B76 /* GlobalFunctions.swift in Sources */,
				968FD6162AD9BD5500F44DB8 /* CollectionReference.swift in Sources */,
				960A6AEF2ADEA0D700794B76 /* LoginSignupView.swift in Sources */,
			);
			runOnlyForDeploymentPostprocessing = 0;
		};
/* End PBXSourcesBuildPhase section */

/* Begin XCBuildConfiguration section */
		96BDB5972AD73F9E000BA243 /* Debug */ = {
			isa = XCBuildConfiguration;
			buildSettings = {
				ALWAYS_SEARCH_USER_PATHS = NO;
				ASSETCATALOG_COMPILER_GENERATE_SWIFT_ASSET_SYMBOL_EXTENSIONS = YES;
				CLANG_ANALYZER_NONNULL = YES;
				CLANG_ANALYZER_NUMBER_OBJECT_CONVERSION = YES_AGGRESSIVE;
				CLANG_CXX_LANGUAGE_STANDARD = "gnu++20";
				CLANG_ENABLE_MODULES = YES;
				CLANG_ENABLE_OBJC_ARC = YES;
				CLANG_ENABLE_OBJC_WEAK = YES;
				CLANG_WARN_BLOCK_CAPTURE_AUTORELEASING = YES;
				CLANG_WARN_BOOL_CONVERSION = YES;
				CLANG_WARN_COMMA = YES;
				CLANG_WARN_CONSTANT_CONVERSION = YES;
				CLANG_WARN_DEPRECATED_OBJC_IMPLEMENTATIONS = YES;
				CLANG_WARN_DIRECT_OBJC_ISA_USAGE = YES_ERROR;
				CLANG_WARN_DOCUMENTATION_COMMENTS = YES;
				CLANG_WARN_EMPTY_BODY = YES;
				CLANG_WARN_ENUM_CONVERSION = YES;
				CLANG_WARN_INFINITE_RECURSION = YES;
				CLANG_WARN_INT_CONVERSION = YES;
				CLANG_WARN_NON_LITERAL_NULL_CONVERSION = YES;
				CLANG_WARN_OBJC_IMPLICIT_RETAIN_SELF = YES;
				CLANG_WARN_OBJC_LITERAL_CONVERSION = YES;
				CLANG_WARN_OBJC_ROOT_CLASS = YES_ERROR;
				CLANG_WARN_QUOTED_INCLUDE_IN_FRAMEWORK_HEADER = YES;
				CLANG_WARN_RANGE_LOOP_ANALYSIS = YES;
				CLANG_WARN_STRICT_PROTOTYPES = YES;
				CLANG_WARN_SUSPICIOUS_MOVE = YES;
				CLANG_WARN_UNGUARDED_AVAILABILITY = YES_AGGRESSIVE;
				CLANG_WARN_UNREACHABLE_CODE = YES;
				CLANG_WARN__DUPLICATE_METHOD_MATCH = YES;
				COPY_PHASE_STRIP = NO;
				DEBUG_INFORMATION_FORMAT = dwarf;
				ENABLE_STRICT_OBJC_MSGSEND = YES;
				ENABLE_TESTABILITY = YES;
				ENABLE_USER_SCRIPT_SANDBOXING = YES;
				GCC_C_LANGUAGE_STANDARD = gnu17;
				GCC_DYNAMIC_NO_PIC = NO;
				GCC_NO_COMMON_BLOCKS = YES;
				GCC_OPTIMIZATION_LEVEL = 0;
				GCC_PREPROCESSOR_DEFINITIONS = (
					"DEBUG=1",
					"$(inherited)",
				);
				GCC_WARN_64_TO_32_BIT_CONVERSION = YES;
				GCC_WARN_ABOUT_RETURN_TYPE = YES_ERROR;
				GCC_WARN_UNDECLARED_SELECTOR = YES;
				GCC_WARN_UNINITIALIZED_AUTOS = YES_AGGRESSIVE;
				GCC_WARN_UNUSED_FUNCTION = YES;
				GCC_WARN_UNUSED_VARIABLE = YES;
				IPHONEOS_DEPLOYMENT_TARGET = 17.0;
				LOCALIZATION_PREFERS_STRING_CATALOGS = YES;
				MTL_ENABLE_DEBUG_INFO = INCLUDE_SOURCE;
				MTL_FAST_MATH = YES;
				ONLY_ACTIVE_ARCH = YES;
				SDKROOT = iphoneos;
				SWIFT_ACTIVE_COMPILATION_CONDITIONS = "DEBUG $(inherited)";
				SWIFT_OPTIMIZATION_LEVEL = "-Onone";
			};
			name = Debug;
		};
		96BDB5982AD73F9E000BA243 /* Release */ = {
			isa = XCBuildConfiguration;
			buildSettings = {
				ALWAYS_SEARCH_USER_PATHS = NO;
				ASSETCATALOG_COMPILER_GENERATE_SWIFT_ASSET_SYMBOL_EXTENSIONS = YES;
				CLANG_ANALYZER_NONNULL = YES;
				CLANG_ANALYZER_NUMBER_OBJECT_CONVERSION = YES_AGGRESSIVE;
				CLANG_CXX_LANGUAGE_STANDARD = "gnu++20";
				CLANG_ENABLE_MODULES = YES;
				CLANG_ENABLE_OBJC_ARC = YES;
				CLANG_ENABLE_OBJC_WEAK = YES;
				CLANG_WARN_BLOCK_CAPTURE_AUTORELEASING = YES;
				CLANG_WARN_BOOL_CONVERSION = YES;
				CLANG_WARN_COMMA = YES;
				CLANG_WARN_CONSTANT_CONVERSION = YES;
				CLANG_WARN_DEPRECATED_OBJC_IMPLEMENTATIONS = YES;
				CLANG_WARN_DIRECT_OBJC_ISA_USAGE = YES_ERROR;
				CLANG_WARN_DOCUMENTATION_COMMENTS = YES;
				CLANG_WARN_EMPTY_BODY = YES;
				CLANG_WARN_ENUM_CONVERSION = YES;
				CLANG_WARN_INFINITE_RECURSION = YES;
				CLANG_WARN_INT_CONVERSION = YES;
				CLANG_WARN_NON_LITERAL_NULL_CONVERSION = YES;
				CLANG_WARN_OBJC_IMPLICIT_RETAIN_SELF = YES;
				CLANG_WARN_OBJC_LITERAL_CONVERSION = YES;
				CLANG_WARN_OBJC_ROOT_CLASS = YES_ERROR;
				CLANG_WARN_QUOTED_INCLUDE_IN_FRAMEWORK_HEADER = YES;
				CLANG_WARN_RANGE_LOOP_ANALYSIS = YES;
				CLANG_WARN_STRICT_PROTOTYPES = YES;
				CLANG_WARN_SUSPICIOUS_MOVE = YES;
				CLANG_WARN_UNGUARDED_AVAILABILITY = YES_AGGRESSIVE;
				CLANG_WARN_UNREACHABLE_CODE = YES;
				CLANG_WARN__DUPLICATE_METHOD_MATCH = YES;
				COPY_PHASE_STRIP = NO;
				DEBUG_INFORMATION_FORMAT = "dwarf-with-dsym";
				ENABLE_NS_ASSERTIONS = NO;
				ENABLE_STRICT_OBJC_MSGSEND = YES;
				ENABLE_USER_SCRIPT_SANDBOXING = YES;
				GCC_C_LANGUAGE_STANDARD = gnu17;
				GCC_NO_COMMON_BLOCKS = YES;
				GCC_WARN_64_TO_32_BIT_CONVERSION = YES;
				GCC_WARN_ABOUT_RETURN_TYPE = YES_ERROR;
				GCC_WARN_UNDECLARED_SELECTOR = YES;
				GCC_WARN_UNINITIALIZED_AUTOS = YES_AGGRESSIVE;
				GCC_WARN_UNUSED_FUNCTION = YES;
				GCC_WARN_UNUSED_VARIABLE = YES;
				IPHONEOS_DEPLOYMENT_TARGET = 17.0;
				LOCALIZATION_PREFERS_STRING_CATALOGS = YES;
				MTL_ENABLE_DEBUG_INFO = NO;
				MTL_FAST_MATH = YES;
				SDKROOT = iphoneos;
				SWIFT_COMPILATION_MODE = wholemodule;
				VALIDATE_PRODUCT = YES;
			};
			name = Release;
		};
		96BDB59A2AD73F9E000BA243 /* Debug */ = {
			isa = XCBuildConfiguration;
			buildSettings = {
				ASSETCATALOG_COMPILER_APPICON_NAME = AppIcon;
				ASSETCATALOG_COMPILER_GLOBAL_ACCENT_COLOR_NAME = AccentColor;
				CODE_SIGN_STYLE = Automatic;
				CURRENT_PROJECT_VERSION = 1;
				DEVELOPMENT_ASSET_PATHS = "\"Messager/Preview Content\"";
				DEVELOPMENT_TEAM = LZPABQ868H;
				ENABLE_PREVIEWS = YES;
				GENERATE_INFOPLIST_FILE = YES;
				INFOPLIST_KEY_NSPhotoLibraryUsageDescription = "$(PRODUCT_NAME) would like to use your photos for avatar";
				INFOPLIST_KEY_UIApplicationSceneManifest_Generation = YES;
				INFOPLIST_KEY_UIApplicationSupportsIndirectInputEvents = YES;
				INFOPLIST_KEY_UILaunchScreen_Generation = YES;
				INFOPLIST_KEY_UISupportedInterfaceOrientations_iPad = "UIInterfaceOrientationPortrait UIInterfaceOrientationPortraitUpsideDown UIInterfaceOrientationLandscapeLeft UIInterfaceOrientationLandscapeRight";
				INFOPLIST_KEY_UISupportedInterfaceOrientations_iPhone = "UIInterfaceOrientationPortrait UIInterfaceOrientationLandscapeLeft UIInterfaceOrientationLandscapeRight";
				LD_RUNPATH_SEARCH_PATHS = (
					"$(inherited)",
					"@executable_path/Frameworks",
				);
				MARKETING_VERSION = 1.0;
				PRODUCT_BUNDLE_IDENTIFIER = ca.jgdesigns.Messager;
				PRODUCT_NAME = "$(TARGET_NAME)";
				SWIFT_EMIT_LOC_STRINGS = YES;
				SWIFT_VERSION = 5.0;
				TARGETED_DEVICE_FAMILY = "1,2";
			};
			name = Debug;
		};
		96BDB59B2AD73F9E000BA243 /* Release */ = {
			isa = XCBuildConfiguration;
			buildSettings = {
				ASSETCATALOG_COMPILER_APPICON_NAME = AppIcon;
				ASSETCATALOG_COMPILER_GLOBAL_ACCENT_COLOR_NAME = AccentColor;
				CODE_SIGN_STYLE = Automatic;
				CURRENT_PROJECT_VERSION = 1;
				DEVELOPMENT_ASSET_PATHS = "\"Messager/Preview Content\"";
				DEVELOPMENT_TEAM = LZPABQ868H;
				ENABLE_PREVIEWS = YES;
				GENERATE_INFOPLIST_FILE = YES;
				INFOPLIST_KEY_NSPhotoLibraryUsageDescription = "$(PRODUCT_NAME) would like to use your photos for avatar";
				INFOPLIST_KEY_UIApplicationSceneManifest_Generation = YES;
				INFOPLIST_KEY_UIApplicationSupportsIndirectInputEvents = YES;
				INFOPLIST_KEY_UILaunchScreen_Generation = YES;
				INFOPLIST_KEY_UISupportedInterfaceOrientations_iPad = "UIInterfaceOrientationPortrait UIInterfaceOrientationPortraitUpsideDown UIInterfaceOrientationLandscapeLeft UIInterfaceOrientationLandscapeRight";
				INFOPLIST_KEY_UISupportedInterfaceOrientations_iPhone = "UIInterfaceOrientationPortrait UIInterfaceOrientationLandscapeLeft UIInterfaceOrientationLandscapeRight";
				LD_RUNPATH_SEARCH_PATHS = (
					"$(inherited)",
					"@executable_path/Frameworks",
				);
				MARKETING_VERSION = 1.0;
				PRODUCT_BUNDLE_IDENTIFIER = ca.jgdesigns.Messager;
				PRODUCT_NAME = "$(TARGET_NAME)";
				SWIFT_EMIT_LOC_STRINGS = YES;
				SWIFT_VERSION = 5.0;
				TARGETED_DEVICE_FAMILY = "1,2";
			};
			name = Release;
		};
/* End XCBuildConfiguration section */

/* Begin XCConfigurationList section */
		96BDB5862AD73F9B000BA243 /* Build configuration list for PBXProject "Messager" */ = {
			isa = XCConfigurationList;
			buildConfigurations = (
				96BDB5972AD73F9E000BA243 /* Debug */,
				96BDB5982AD73F9E000BA243 /* Release */,
			);
			defaultConfigurationIsVisible = 0;
			defaultConfigurationName = Release;
		};
		96BDB5992AD73F9E000BA243 /* Build configuration list for PBXNativeTarget "Messager" */ = {
			isa = XCConfigurationList;
			buildConfigurations = (
				96BDB59A2AD73F9E000BA243 /* Debug */,
				96BDB59B2AD73F9E000BA243 /* Release */,
			);
			defaultConfigurationIsVisible = 0;
			defaultConfigurationName = Release;
		};
/* End XCConfigurationList section */

/* Begin XCRemoteSwiftPackageReference section */
		96BDB59E2AD741B7000BA243 /* XCRemoteSwiftPackageReference "firebase-ios-sdk" */ = {
			isa = XCRemoteSwiftPackageReference;
			repositoryURL = "https://github.com/firebase/firebase-ios-sdk";
			requirement = {
				kind = upToNextMajorVersion;
				minimumVersion = 10.16.0;
			};
		};
		96BDB5AC2AD7BBC3000BA243 /* XCRemoteSwiftPackageReference "realm-swift" */ = {
			isa = XCRemoteSwiftPackageReference;
			repositoryURL = "https://github.com/realm/realm-swift.git";
			requirement = {
				kind = upToNextMajorVersion;
				minimumVersion = 10.43.0;
			};
		};
/* End XCRemoteSwiftPackageReference section */

/* Begin XCSwiftPackageProductDependency section */
		96FC20CB2AD7C12300276479 /* FirebaseAuth */ = {
			isa = XCSwiftPackageProductDependency;
			package = 96BDB59E2AD741B7000BA243 /* XCRemoteSwiftPackageReference "firebase-ios-sdk" */;
			productName = FirebaseAuth;
		};
		96FC20CD2AD7C12300276479 /* FirebaseFirestore */ = {
			isa = XCSwiftPackageProductDependency;
			package = 96BDB59E2AD741B7000BA243 /* XCRemoteSwiftPackageReference "firebase-ios-sdk" */;
			productName = FirebaseFirestore;
		};
		96FC20CF2AD7C12300276479 /* FirebaseFirestoreSwift */ = {
			isa = XCSwiftPackageProductDependency;
			package = 96BDB59E2AD741B7000BA243 /* XCRemoteSwiftPackageReference "firebase-ios-sdk" */;
			productName = FirebaseFirestoreSwift;
		};
		96FC20D12AD7C12300276479 /* FirebaseMessaging */ = {
			isa = XCSwiftPackageProductDependency;
			package = 96BDB59E2AD741B7000BA243 /* XCRemoteSwiftPackageReference "firebase-ios-sdk" */;
			productName = FirebaseMessaging;
		};
		96FC20D32AD7C12300276479 /* FirebaseStorage */ = {
			isa = XCSwiftPackageProductDependency;
			package = 96BDB59E2AD741B7000BA243 /* XCRemoteSwiftPackageReference "firebase-ios-sdk" */;
			productName = FirebaseStorage;
		};
		96FC20D52AD7C12300276479 /* Realm */ = {
			isa = XCSwiftPackageProductDependency;
			package = 96BDB5AC2AD7BBC3000BA243 /* XCRemoteSwiftPackageReference "realm-swift" */;
			productName = Realm;
		};
		96FC20D72AD7C12400276479 /* RealmSwift */ = {
			isa = XCSwiftPackageProductDependency;
			package = 96BDB5AC2AD7BBC3000BA243 /* XCRemoteSwiftPackageReference "realm-swift" */;
			productName = RealmSwift;
		};
/* End XCSwiftPackageProductDependency section */
	};
	rootObject = 96BDB5832AD73F9B000BA243 /* Project object */;
}
